<?xml version="1.0" encoding="utf-8"?>
<Project ToolsVersion="4.0" xmlns="http://schemas.microsoft.com/developer/msbuild/2003">
  <ItemGroup>
    <Filter Include="system">
      <UniqueIdentifier>{22dd8095-74f9-46df-81a1-36675a040b1f}</UniqueIdentifier>
    </Filter>
    <Filter Include="Core">
      <UniqueIdentifier>{7eb9b1bb-a246-4a60-9bf6-50ae604b346d}</UniqueIdentifier>
    </Filter>
    <Filter Include="Source">
      <UniqueIdentifier>{bb948d9a-10ab-4988-b3fe-3bb5adb484c4}</UniqueIdentifier>
    </Filter>
    <Filter Include="Source\Actor">
      <UniqueIdentifier>{887e6387-ef7a-40e2-8a16-13982c0c1f6b}</UniqueIdentifier>
    </Filter>
    <Filter Include="Collision">
      <UniqueIdentifier>{25f79a22-c052-4529-87e5-4a3259ec74fe}</UniqueIdentifier>
    </Filter>
    <Filter Include="Source\Scene">
      <UniqueIdentifier>{cdb61daa-095a-4b5a-9bdb-e6191e9e56e5}</UniqueIdentifier>
    </Filter>
    <Filter Include="Sound">
      <UniqueIdentifier>{2222a7a1-5811-45eb-b70a-47fc9a9705cb}</UniqueIdentifier>
    </Filter>
    <Filter Include="Battle">
      <UniqueIdentifier>{54be5862-08f8-435a-ad23-9ad6d8c53d1d}</UniqueIdentifier>
    </Filter>
    <Filter Include="Ui">
      <UniqueIdentifier>{aea9ab42-daf7-4870-a22b-275da831db30}</UniqueIdentifier>
    </Filter>
    <Filter Include="Camera">
      <UniqueIdentifier>{91035eeb-58d1-4327-8792-0b49120fdffe}</UniqueIdentifier>
    </Filter>
    <Filter Include="Source\Actor\Character">
      <UniqueIdentifier>{d5a584bd-1241-4ef8-97a4-66e079403607}</UniqueIdentifier>
    </Filter>
    <Filter Include="Source\Actor\Object">
      <UniqueIdentifier>{326ff101-d7fc-4cab-ad65-1f73b302b433}</UniqueIdentifier>
    </Filter>
    <Filter Include="Source\Actor\Planet">
      <UniqueIdentifier>{eb560d54-6580-4ace-b925-2aebfe48bf3d}</UniqueIdentifier>
    </Filter>
    <Filter Include="Source\Actor\Character\Player">
      <UniqueIdentifier>{918fc61b-7ba6-4058-a007-cd77610b3176}</UniqueIdentifier>
    </Filter>
    <Filter Include="Source\Actor\Character\Enemy">
      <UniqueIdentifier>{7970a9c5-3483-4781-9eed-f5034422946a}</UniqueIdentifier>
    </Filter>
    <Filter Include="Source\Actor\Character\Enemy\BasicEnemy">
      <UniqueIdentifier>{4bb60184-b124-474a-9a6d-93576c7488b3}</UniqueIdentifier>
    </Filter>
    <Filter Include="Source\Actor\Character\Enemy\DeformEnemy">
      <UniqueIdentifier>{1f11d2c4-06be-4788-8f9b-3d2a0af857aa}</UniqueIdentifier>
    </Filter>
    <Filter Include="Source\Actor\Character\Enemy\BossEnemy">
      <UniqueIdentifier>{d0ab2268-08be-4b01-a6ee-abe3d2577ca4}</UniqueIdentifier>
    </Filter>
  </ItemGroup>
  <ItemGroup>
    <ClCompile Include="stdafx.cpp" />
    <ClCompile Include="main.cpp" />
    <ClCompile Include="system\system.cpp">
      <Filter>system</Filter>
    </ClCompile>
    <ClCompile Include="Game.cpp" />
    <ClCompile Include="Core\ParameterManager.cpp">
      <Filter>Core</Filter>
    </ClCompile>
    <ClCompile Include="Transform.cpp" />
    <ClCompile Include="Source\Actor\Actor.cpp">
      <Filter>Source\Actor</Filter>
    </ClCompile>
    <ClCompile Include="Source\Actor\ActorStatus.cpp">
      <Filter>Source\Actor</Filter>
    </ClCompile>
    <ClCompile Include="Collision\CollisionManager.cpp">
      <Filter>Collision</Filter>
    </ClCompile>
    <ClCompile Include="Source\Scene\BattleStageBase.cpp">
      <Filter>Source\Scene</Filter>
    </ClCompile>
    <ClCompile Include="Source\Scene\BossStage.cpp">
      <Filter>Source\Scene</Filter>
    </ClCompile>
    <ClCompile Include="Source\Scene\FirstStage.cpp">
      <Filter>Source\Scene</Filter>
    </ClCompile>
    <ClCompile Include="Source\Scene\SceneManager.cpp">
      <Filter>Source\Scene</Filter>
    </ClCompile>
    <ClCompile Include="Source\Scene\Title.cpp">
      <Filter>Source\Scene</Filter>
    </ClCompile>
    <ClCompile Include="LoadingScreen.cpp" />
    <ClCompile Include="Sound\SoundManager.cpp">
      <Filter>Sound</Filter>
    </ClCompile>
    <ClCompile Include="Battle\BattleManager.cpp">
      <Filter>Battle</Filter>
    </ClCompile>
    <ClCompile Include="Ui\SpriteAnimation.cpp">
      <Filter>Ui</Filter>
    </ClCompile>
    <ClCompile Include="Ui\UIBase.cpp">
      <Filter>Ui</Filter>
    </ClCompile>
    <ClCompile Include="HierarchicalTransform.cpp" />
    <ClCompile Include="Ui\UITitle.cpp">
      <Filter>Ui</Filter>
    </ClCompile>
    <ClCompile Include="Ui\UIInGameBase.cpp">
      <Filter>Ui</Filter>
    </ClCompile>
    <ClCompile Include="Ui\UIFirstStage.cpp">
      <Filter>Ui</Filter>
    </ClCompile>
    <ClCompile Include="Ui\UIBossStage.cpp">
      <Filter>Ui</Filter>
    </ClCompile>
    <ClCompile Include="Camera\GameCamera.cpp">
      <Filter>Camera</Filter>
    </ClCompile>
    <ClCompile Include="Camera\TitleCamera.cpp">
      <Filter>Camera</Filter>
    </ClCompile>
    <ClCompile Include="Ui\UIGameClear.cpp">
      <Filter>Ui</Filter>
    </ClCompile>
    <ClCompile Include="Ui\UIGameOver.cpp">
      <Filter>Ui</Filter>
    </ClCompile>
    <ClCompile Include="Ui\UIResultBase.cpp">
      <Filter>Ui</Filter>
    </ClCompile>
    <ClCompile Include="Source\Actor\Planet\BossPlanet.cpp">
      <Filter>Source\Actor\Planet</Filter>
    </ClCompile>
    <ClCompile Include="Source\Actor\Planet\FirstPlanet.cpp">
      <Filter>Source\Actor\Planet</Filter>
    </ClCompile>
    <ClCompile Include="Source\Actor\Planet\PlanetBase.cpp">
      <Filter>Source\Actor\Planet</Filter>
    </ClCompile>
    <ClCompile Include="Source\Actor\Planet\TitlePlanet.cpp">
      <Filter>Source\Actor\Planet</Filter>
    </ClCompile>
    <ClCompile Include="Source\Actor\Character\Character.cpp">
      <Filter>Source\Actor\Character</Filter>
    </ClCompile>
    <ClCompile Include="Source\Actor\Character\Player\Player.cpp">
      <Filter>Source\Actor\Character\Player</Filter>
    </ClCompile>
    <ClCompile Include="Source\Actor\Character\Player\PlayerController.cpp">
      <Filter>Source\Actor\Character\Player</Filter>
    </ClCompile>
    <ClCompile Include="Source\Actor\Character\Player\PlayerIState.cpp">
      <Filter>Source\Actor\Character\Player</Filter>
    </ClCompile>
    <ClCompile Include="Source\Actor\Character\Player\PlayerStateMachine.cpp">
      <Filter>Source\Actor\Character\Player</Filter>
    </ClCompile>
    <ClCompile Include="Source\Actor\Character\Player\TitlePlayer.cpp">
      <Filter>Source\Actor\Character\Player</Filter>
    </ClCompile>
    <ClCompile Include="Source\Actor\Character\Enemy\Enemy.cpp">
      <Filter>Source\Actor\Character\Enemy</Filter>
    </ClCompile>
    <ClCompile Include="Source\Actor\Character\Enemy\EnemyStateMachine.cpp">
      <Filter>Source\Actor\Character\Enemy</Filter>
    </ClCompile>
    <ClCompile Include="Source\Actor\Character\Enemy\BasicEnemy\BasicEnemyIState.cpp">
      <Filter>Source\Actor\Character\Enemy\BasicEnemy</Filter>
    </ClCompile>
    <ClCompile Include="Source\Actor\Character\Enemy\BossEnemy\BossEnemy.cpp">
      <Filter>Source\Actor\Character\Enemy\BossEnemy</Filter>
    </ClCompile>
    <ClCompile Include="Source\Actor\Character\Enemy\BossEnemy\BossEnemyIState.cpp">
      <Filter>Source\Actor\Character\Enemy\BossEnemy</Filter>
    </ClCompile>
    <ClCompile Include="Source\Actor\Character\Enemy\DeformEnemy\DeformEnemyIState.cpp">
      <Filter>Source\Actor\Character\Enemy\DeformEnemy</Filter>
    </ClCompile>
    <ClCompile Include="Source\Actor\Character\Enemy\DeformEnemy\DeformEnemy.cpp">
      <Filter>Source\Actor\Character\Enemy\DeformEnemy</Filter>
    </ClCompile>
    <ClCompile Include="Source\Actor\Character\Enemy\BasicEnemy\BasicEnemy.cpp">
      <Filter>Source\Actor\Character\Enemy\BasicEnemy</Filter>
    </ClCompile>
    <ClCompile Include="Source\Actor\Object\Treasure.cpp">
      <Filter>Source\Actor\Object</Filter>
    </ClCompile>
    <ClCompile Include="Source\Actor\Object\Rocket.cpp">
      <Filter>Source\Actor\Object</Filter>
    </ClCompile>
    <ClCompile Include="Source\Actor\Object\Spawner.cpp">
      <Filter>Source\Actor\Object</Filter>
    </ClCompile>
    <ClCompile Include="Source\Actor\ActorTypes.cpp">
      <Filter>Source\Actor</Filter>
    </ClCompile>
    <ClCompile Include="Source\Actor\Character\CharacterStateMachine.cpp">
      <Filter>Source\Actor\Character</Filter>
    </ClCompile>
    <ClCompile Include="Source\Actor\ActorStateMachine.cpp">
      <Filter>Source\Actor</Filter>
    </ClCompile>
    <ClCompile Include="Core\StateMachineBase.cpp">
      <Filter>Core</Filter>
    </ClCompile>
  </ItemGroup>
  <ItemGroup>
    <ClInclude Include="stdafx.h" />
    <ClInclude Include="system\system.h">
      <Filter>system</Filter>
    </ClInclude>
    <ClInclude Include="Game.h" />
    <ClInclude Include="Core\ParameterManager.h">
      <Filter>Core</Filter>
    </ClInclude>
    <ClInclude Include="Transform.h" />
    <ClInclude Include="Source\Actor\Actor.h">
      <Filter>Source\Actor</Filter>
    </ClInclude>
    <ClInclude Include="Source\Actor\ActorStatus.h">
      <Filter>Source\Actor</Filter>
    </ClInclude>
    <ClInclude Include="Collision\CollisionManager.h">
      <Filter>Collision</Filter>
    </ClInclude>
    <ClInclude Include="Source\Scene\BattleStageBase.h">
      <Filter>Source\Scene</Filter>
    </ClInclude>
    <ClInclude Include="Source\Scene\BossStage.h">
      <Filter>Source\Scene</Filter>
    </ClInclude>
    <ClInclude Include="Source\Scene\FirstStage.h">
      <Filter>Source\Scene</Filter>
    </ClInclude>
    <ClInclude Include="Source\Scene\SceneManager.h">
      <Filter>Source\Scene</Filter>
    </ClInclude>
    <ClInclude Include="Source\Scene\Title.h">
      <Filter>Source\Scene</Filter>
    </ClInclude>
    <ClInclude Include="LoadingScreen.h" />
    <ClInclude Include="Sound\SoundManager.h">
      <Filter>Sound</Filter>
    </ClInclude>
    <ClInclude Include="Battle\BattleManager.h">
      <Filter>Battle</Filter>
    </ClInclude>
    <ClInclude Include="Ui\SpriteAnimation.h">
      <Filter>Ui</Filter>
    </ClInclude>
    <ClInclude Include="Ui\UIBase.h">
      <Filter>Ui</Filter>
    </ClInclude>
    <ClInclude Include="HierarchicalTransform.h" />
    <ClInclude Include="Ui\UITitle.h">
      <Filter>Ui</Filter>
    </ClInclude>
    <ClInclude Include="Ui\UIInGameBase.h">
      <Filter>Ui</Filter>
    </ClInclude>
    <ClInclude Include="Ui\UIFirstStage.h">
      <Filter>Ui</Filter>
    </ClInclude>
    <ClInclude Include="Ui\UIBossStage.h">
      <Filter>Ui</Filter>
    </ClInclude>
    <ClInclude Include="Camera\GameCamera.h">
      <Filter>Camera</Filter>
    </ClInclude>
    <ClInclude Include="Camera\TitleCamera.h">
      <Filter>Camera</Filter>
    </ClInclude>
    <ClInclude Include="Ui\UIGameClear.h">
      <Filter>Ui</Filter>
    </ClInclude>
    <ClInclude Include="Ui\UIGameOver.h">
      <Filter>Ui</Filter>
    </ClInclude>
    <ClInclude Include="Ui\UIResultBase.h">
      <Filter>Ui</Filter>
    </ClInclude>
    <ClInclude Include="Source\Actor\Planet\BossPlanet.h">
      <Filter>Source\Actor\Planet</Filter>
    </ClInclude>
    <ClInclude Include="Source\Actor\Planet\FirstPlanet.h">
      <Filter>Source\Actor\Planet</Filter>
    </ClInclude>
    <ClInclude Include="Source\Actor\Planet\PlanetBase.h">
      <Filter>Source\Actor\Planet</Filter>
    </ClInclude>
    <ClInclude Include="Source\Actor\Planet\TitlePlanet.h">
      <Filter>Source\Actor\Planet</Filter>
    </ClInclude>
    <ClInclude Include="Source\Actor\Character\Character.h">
      <Filter>Source\Actor\Character</Filter>
    </ClInclude>
    <ClInclude Include="Source\Actor\Character\Player\Player.h">
      <Filter>Source\Actor\Character\Player</Filter>
    </ClInclude>
    <ClInclude Include="Source\Actor\Character\Player\PlayerController.h">
      <Filter>Source\Actor\Character\Player</Filter>
    </ClInclude>
    <ClInclude Include="Source\Actor\Character\Player\PlayerIState.h">
      <Filter>Source\Actor\Character\Player</Filter>
    </ClInclude>
    <ClInclude Include="Source\Actor\Character\Player\PlayerStateMachine.h">
      <Filter>Source\Actor\Character\Player</Filter>
    </ClInclude>
    <ClInclude Include="Source\Actor\Character\Player\TitlePlayer.h">
      <Filter>Source\Actor\Character\Player</Filter>
    </ClInclude>
    <ClInclude Include="Source\Actor\Character\Enemy\Enemy.h">
      <Filter>Source\Actor\Character\Enemy</Filter>
    </ClInclude>
    <ClInclude Include="Source\Actor\Character\Enemy\EnemyStateMachine.h">
      <Filter>Source\Actor\Character\Enemy</Filter>
    </ClInclude>
    <ClInclude Include="Source\Actor\Character\Enemy\BasicEnemy\BasicEnemyIState.h">
      <Filter>Source\Actor\Character\Enemy\BasicEnemy</Filter>
    </ClInclude>
    <ClInclude Include="Source\Actor\Character\Enemy\BossEnemy\BossEnemy.h">
      <Filter>Source\Actor\Character\Enemy\BossEnemy</Filter>
    </ClInclude>
    <ClInclude Include="Source\Actor\Character\Enemy\BossEnemy\BossEnemyIState.h">
      <Filter>Source\Actor\Character\Enemy\BossEnemy</Filter>
    </ClInclude>
    <ClInclude Include="Source\Actor\Character\Enemy\DeformEnemy\DeformEnemyIState.h">
      <Filter>Source\Actor\Character\Enemy\DeformEnemy</Filter>
    </ClInclude>
    <ClInclude Include="Source\Actor\Character\Enemy\DeformEnemy\DeformEnemy.h">
      <Filter>Source\Actor\Character\Enemy\DeformEnemy</Filter>
    </ClInclude>
    <ClInclude Include="Source\Actor\Character\Enemy\BasicEnemy\BasicEnemy.h">
      <Filter>Source\Actor\Character\Enemy\BasicEnemy</Filter>
    </ClInclude>
    <ClInclude Include="Source\Actor\Object\Treasure.h">
      <Filter>Source\Actor\Object</Filter>
    </ClInclude>
    <ClInclude Include="Source\Actor\Object\Rocket.h">
      <Filter>Source\Actor\Object</Filter>
    </ClInclude>
    <ClInclude Include="Source\Actor\Object\Spawner.h">
      <Filter>Source\Actor\Object</Filter>
    </ClInclude>
    <ClInclude Include="Source\Actor\ActorTypes.h">
      <Filter>Source\Actor</Filter>
    </ClInclude>
    <ClInclude Include="Source\Actor\Character\CharacterStateMachine.h">
      <Filter>Source\Actor\Character</Filter>
    </ClInclude>
    <ClInclude Include="Source\Actor\ActorStateMachine.h">
      <Filter>Source\Actor</Filter>
    </ClInclude>
    <ClInclude Include="Core\StateMachineBase.h">
      <Filter>Core</Filter>
    </ClInclude>
  </ItemGroup>
</Project>